
Microsoft Visual Studio Solution File, Format Version 12.00
# Visual Studio Version 17
VisualStudioVersion = 17.4.33213.308
MinimumVisualStudioVersion = 10.0.40219.1
Project("{FAE04EC0-301F-11D3-BF4B-00C04F79EFBC}") = "DetailedView", "DetailedView.csproj", "{706BB821-282A-4D94-8E9E-E428CD170004}"
EndProject
Global
	GlobalSection(SolutionConfigurationPlatforms) = preSolution
		Debug|Any CPU = Debug|Any CPU
		Release|Any CPU = Release|Any CPU
	EndGlobalSection
	GlobalSection(ProjectConfigurationPlatforms) = postSolution
		{706BB821-282A-4D94-8E9E-E428CD170004}.Debug|Any CPU.ActiveCfg = Debug|Any CPU
		{706BB821-282A-4D94-8E9E-E428CD170004}.Debug|Any CPU.Build.0 = Debug|Any CPU
		{706BB821-282A-4D94-8E9E-E428CD170004}.Release|Any CPU.ActiveCfg = Release|Any CPU
		{706BB821-282A-4D94-8E9E-E428CD170004}.Release|Any CPU.Build.0 = Release|Any CPU
	EndGlobalSection
	GlobalSection(SolutionProperties) = preSolution
		HideSolutionNode = FALSE
	EndGlobalSection
	GlobalSection(ExtensibilityGlobals) = postSolution
		SolutionGuid = {DFA00F2B-4956-4B73-BEC6-D41B97A7A2A4}
	EndGlobalSection
EndGlobal
