
Microsoft Visual Studio Solution File, Format Version 12.00
# Visual Studio Version 17
VisualStudioVersion = 17.4.33213.308
MinimumVisualStudioVersion = 10.0.40219.1
Project("{FAE04EC0-301F-11D3-BF4B-00C04F79EFBC}") = "Mickey", "Mickey.csproj", "{A7836964-183C-4F82-8114-681D4090BE48}"
EndProject
Global
	GlobalSection(SolutionConfigurationPlatforms) = preSolution
		Debug|Any CPU = Debug|Any CPU
		Release|Any CPU = Release|Any CPU
	EndGlobalSection
	GlobalSection(ProjectConfigurationPlatforms) = postSolution
		{A7836964-183C-4F82-8114-681D4090BE48}.Debug|Any CPU.ActiveCfg = Debug|Any CPU
		{A7836964-183C-4F82-8114-681D4090BE48}.Debug|Any CPU.Build.0 = Debug|Any CPU
		{A7836964-183C-4F82-8114-681D4090BE48}.Release|Any CPU.ActiveCfg = Release|Any CPU
		{A7836964-183C-4F82-8114-681D4090BE48}.Release|Any CPU.Build.0 = Release|Any CPU
	EndGlobalSection
	GlobalSection(SolutionProperties) = preSolution
		HideSolutionNode = FALSE
	EndGlobalSection
	GlobalSection(ExtensibilityGlobals) = postSolution
		SolutionGuid = {1F249485-76CC-449F-9F5B-A741D13120F6}
	EndGlobalSection
EndGlobal
