
Microsoft Visual Studio Solution File, Format Version 12.00
# Visual Studio Version 17
VisualStudioVersion = 17.4.33213.308
MinimumVisualStudioVersion = 10.0.40219.1
Project("{FAE04EC0-301F-11D3-BF4B-00C04F79EFBC}") = "WebApplication2", "WebApplication2.csproj", "{7AFA3901-0B3C-45F6-8E60-6ABCA3D02454}"
EndProject
Global
	GlobalSection(SolutionConfigurationPlatforms) = preSolution
		Debug|Any CPU = Debug|Any CPU
		Release|Any CPU = Release|Any CPU
	EndGlobalSection
	GlobalSection(ProjectConfigurationPlatforms) = postSolution
		{7AFA3901-0B3C-45F6-8E60-6ABCA3D02454}.Debug|Any CPU.ActiveCfg = Debug|Any CPU
		{7AFA3901-0B3C-45F6-8E60-6ABCA3D02454}.Debug|Any CPU.Build.0 = Debug|Any CPU
		{7AFA3901-0B3C-45F6-8E60-6ABCA3D02454}.Release|Any CPU.ActiveCfg = Release|Any CPU
		{7AFA3901-0B3C-45F6-8E60-6ABCA3D02454}.Release|Any CPU.Build.0 = Release|Any CPU
	EndGlobalSection
	GlobalSection(SolutionProperties) = preSolution
		HideSolutionNode = FALSE
	EndGlobalSection
	GlobalSection(ExtensibilityGlobals) = postSolution
		SolutionGuid = {44D3F0CD-DB01-4E16-80EF-2DF95147F009}
	EndGlobalSection
EndGlobal
