
Microsoft Visual Studio Solution File, Format Version 12.00
# Visual Studio Version 17
VisualStudioVersion = 17.1.32210.238
MinimumVisualStudioVersion = 10.0.40219.1
Project("{FAE04EC0-301F-11D3-BF4B-00C04F79EFBC}") = "WPFDay03", "WPFDay03\WPFDay03.csproj", "{EC947C2A-EC8D-49BD-A4DC-F76806B232A1}"
EndProject
Global
	GlobalSection(SolutionConfigurationPlatforms) = preSolution
		Debug|Any CPU = Debug|Any CPU
		Release|Any CPU = Release|Any CPU
	EndGlobalSection
	GlobalSection(ProjectConfigurationPlatforms) = postSolution
		{EC947C2A-EC8D-49BD-A4DC-F76806B232A1}.Debug|Any CPU.ActiveCfg = Debug|Any CPU
		{EC947C2A-EC8D-49BD-A4DC-F76806B232A1}.Debug|Any CPU.Build.0 = Debug|Any CPU
		{EC947C2A-EC8D-49BD-A4DC-F76806B232A1}.Release|Any CPU.ActiveCfg = Release|Any CPU
		{EC947C2A-EC8D-49BD-A4DC-F76806B232A1}.Release|Any CPU.Build.0 = Release|Any CPU
	EndGlobalSection
	GlobalSection(SolutionProperties) = preSolution
		HideSolutionNode = FALSE
	EndGlobalSection
	GlobalSection(ExtensibilityGlobals) = postSolution
		SolutionGuid = {CD92CB30-FC53-4894-BF4D-DFE5C366493E}
	EndGlobalSection
EndGlobal
