
Microsoft Visual Studio Solution File, Format Version 12.00
# Visual Studio Version 17
VisualStudioVersion = 17.4.33213.308
MinimumVisualStudioVersion = 10.0.40219.1
Project("{FAE04EC0-301F-11D3-BF4B-00C04F79EFBC}") = "task3 Day5", "task3 Day5.csproj", "{F7161E9E-C1CD-4612-BB71-487AE3CFE533}"
EndProject
Global
	GlobalSection(SolutionConfigurationPlatforms) = preSolution
		Debug|Any CPU = Debug|Any CPU
		Release|Any CPU = Release|Any CPU
	EndGlobalSection
	GlobalSection(ProjectConfigurationPlatforms) = postSolution
		{F7161E9E-C1CD-4612-BB71-487AE3CFE533}.Debug|Any CPU.ActiveCfg = Debug|Any CPU
		{F7161E9E-C1CD-4612-BB71-487AE3CFE533}.Debug|Any CPU.Build.0 = Debug|Any CPU
		{F7161E9E-C1CD-4612-BB71-487AE3CFE533}.Release|Any CPU.ActiveCfg = Release|Any CPU
		{F7161E9E-C1CD-4612-BB71-487AE3CFE533}.Release|Any CPU.Build.0 = Release|Any CPU
	EndGlobalSection
	GlobalSection(SolutionProperties) = preSolution
		HideSolutionNode = FALSE
	EndGlobalSection
	GlobalSection(ExtensibilityGlobals) = postSolution
		SolutionGuid = {D253661E-20C4-497F-824E-E6BC8599C00F}
	EndGlobalSection
EndGlobal
