
Microsoft Visual Studio Solution File, Format Version 12.00
# Visual Studio Version 17
VisualStudioVersion = 17.4.33213.308
MinimumVisualStudioVersion = 10.0.40219.1
Project("{FAE04EC0-301F-11D3-BF4B-00C04F79EFBC}") = "WebApplication1", "WebApplication1.csproj", "{A5871409-B182-452F-98AB-791B86011031}"
EndProject
Global
	GlobalSection(SolutionConfigurationPlatforms) = preSolution
		Debug|Any CPU = Debug|Any CPU
		Release|Any CPU = Release|Any CPU
	EndGlobalSection
	GlobalSection(ProjectConfigurationPlatforms) = postSolution
		{A5871409-B182-452F-98AB-791B86011031}.Debug|Any CPU.ActiveCfg = Debug|Any CPU
		{A5871409-B182-452F-98AB-791B86011031}.Debug|Any CPU.Build.0 = Debug|Any CPU
		{A5871409-B182-452F-98AB-791B86011031}.Release|Any CPU.ActiveCfg = Release|Any CPU
		{A5871409-B182-452F-98AB-791B86011031}.Release|Any CPU.Build.0 = Release|Any CPU
	EndGlobalSection
	GlobalSection(SolutionProperties) = preSolution
		HideSolutionNode = FALSE
	EndGlobalSection
	GlobalSection(ExtensibilityGlobals) = postSolution
		SolutionGuid = {340D7C24-6CA8-43E0-B29E-4C4CB33AABA2}
	EndGlobalSection
EndGlobal
