
Microsoft Visual Studio Solution File, Format Version 12.00
# Visual Studio Version 17
VisualStudioVersion = 17.4.33213.308
MinimumVisualStudioVersion = 10.0.40219.1
Project("{FAE04EC0-301F-11D3-BF4B-00C04F79EFBC}") = "RTF", "RTF.csproj", "{B1707306-86DC-4AB4-8C22-173935F9CCB7}"
EndProject
Global
	GlobalSection(SolutionConfigurationPlatforms) = preSolution
		Debug|Any CPU = Debug|Any CPU
		Release|Any CPU = Release|Any CPU
	EndGlobalSection
	GlobalSection(ProjectConfigurationPlatforms) = postSolution
		{B1707306-86DC-4AB4-8C22-173935F9CCB7}.Debug|Any CPU.ActiveCfg = Debug|Any CPU
		{B1707306-86DC-4AB4-8C22-173935F9CCB7}.Debug|Any CPU.Build.0 = Debug|Any CPU
		{B1707306-86DC-4AB4-8C22-173935F9CCB7}.Release|Any CPU.ActiveCfg = Release|Any CPU
		{B1707306-86DC-4AB4-8C22-173935F9CCB7}.Release|Any CPU.Build.0 = Release|Any CPU
	EndGlobalSection
	GlobalSection(SolutionProperties) = preSolution
		HideSolutionNode = FALSE
	EndGlobalSection
	GlobalSection(ExtensibilityGlobals) = postSolution
		SolutionGuid = {C07E7E88-D263-4773-BF4F-B7E367FB7656}
	EndGlobalSection
EndGlobal
