
Microsoft Visual Studio Solution File, Format Version 12.00
# Visual Studio Version 17
VisualStudioVersion = 17.4.33213.308
MinimumVisualStudioVersion = 10.0.40219.1
Project("{FAE04EC0-301F-11D3-BF4B-00C04F79EFBC}") = "WpfApp1", "WpfApp1.csproj", "{A868811E-041E-4AB1-A8D8-3E0D75F6608D}"
EndProject
Global
	GlobalSection(SolutionConfigurationPlatforms) = preSolution
		Debug|Any CPU = Debug|Any CPU
		Release|Any CPU = Release|Any CPU
	EndGlobalSection
	GlobalSection(ProjectConfigurationPlatforms) = postSolution
		{A868811E-041E-4AB1-A8D8-3E0D75F6608D}.Debug|Any CPU.ActiveCfg = Debug|Any CPU
		{A868811E-041E-4AB1-A8D8-3E0D75F6608D}.Debug|Any CPU.Build.0 = Debug|Any CPU
		{A868811E-041E-4AB1-A8D8-3E0D75F6608D}.Release|Any CPU.ActiveCfg = Release|Any CPU
		{A868811E-041E-4AB1-A8D8-3E0D75F6608D}.Release|Any CPU.Build.0 = Release|Any CPU
	EndGlobalSection
	GlobalSection(SolutionProperties) = preSolution
		HideSolutionNode = FALSE
	EndGlobalSection
	GlobalSection(ExtensibilityGlobals) = postSolution
		SolutionGuid = {CCEAB26E-E039-4FBA-A559-4F662F402A74}
	EndGlobalSection
EndGlobal
