
Microsoft Visual Studio Solution File, Format Version 12.00
# Visual Studio Version 17
VisualStudioVersion = 17.0.32112.339
MinimumVisualStudioVersion = 10.0.40219.1
Project("{FAE04EC0-301F-11D3-BF4B-00C04F79EFBC}") = "ConsoleApp10", "ConsoleApp10.csproj", "{9D1FF7FE-6F58-4439-972C-A84F3357BA0D}"
EndProject
Global
	GlobalSection(SolutionConfigurationPlatforms) = preSolution
		Debug|Any CPU = Debug|Any CPU
		Release|Any CPU = Release|Any CPU
	EndGlobalSection
	GlobalSection(ProjectConfigurationPlatforms) = postSolution
		{9D1FF7FE-6F58-4439-972C-A84F3357BA0D}.Debug|Any CPU.ActiveCfg = Debug|Any CPU
		{9D1FF7FE-6F58-4439-972C-A84F3357BA0D}.Debug|Any CPU.Build.0 = Debug|Any CPU
		{9D1FF7FE-6F58-4439-972C-A84F3357BA0D}.Release|Any CPU.ActiveCfg = Release|Any CPU
		{9D1FF7FE-6F58-4439-972C-A84F3357BA0D}.Release|Any CPU.Build.0 = Release|Any CPU
	EndGlobalSection
	GlobalSection(SolutionProperties) = preSolution
		HideSolutionNode = FALSE
	EndGlobalSection
	GlobalSection(ExtensibilityGlobals) = postSolution
		SolutionGuid = {3EC60327-915B-4AE4-8638-4BB3911A5571}
	EndGlobalSection
EndGlobal
